
Microsoft Visual Studio Solution File, Format Version 12.00
# Visual Studio Version 16
VisualStudioVersion = 16.0.33927.289
MinimumVisualStudioVersion = 10.0.40219.1
Project("{FAE04EC0-301F-11D3-BF4B-00C04F79EFBC}") = "FL_FXV", "FL_FXV\FL_FXV.csproj", "{14F4BB9F-473B-47BD-965F-35DF475294B2}"
EndProject
Global
	GlobalSection(SolutionConfigurationPlatforms) = preSolution
		Debug|Any CPU = Debug|Any CPU
		Release|Any CPU = Release|Any CPU
	EndGlobalSection
	GlobalSection(ProjectConfigurationPlatforms) = postSolution
		{14F4BB9F-473B-47BD-965F-35DF475294B2}.Debug|Any CPU.ActiveCfg = Debug|Any CPU
		{14F4BB9F-473B-47BD-965F-35DF475294B2}.Debug|Any CPU.Build.0 = Debug|Any CPU
		{14F4BB9F-473B-47BD-965F-35DF475294B2}.Release|Any CPU.ActiveCfg = Release|Any CPU
		{14F4BB9F-473B-47BD-965F-35DF475294B2}.Release|Any CPU.Build.0 = Release|Any CPU
	EndGlobalSection
	GlobalSection(SolutionProperties) = preSolution
		HideSolutionNode = FALSE
	EndGlobalSection
	GlobalSection(ExtensibilityGlobals) = postSolution
		SolutionGuid = {2050D823-A6A1-494D-8067-E8DC80729AEB}
	EndGlobalSection
EndGlobal
